
Microsoft Visual Studio Solution File, Format Version 12.00
# Visual Studio Version 16
VisualStudioVersion = 16.0.31702.278
MinimumVisualStudioVersion = 10.0.40219.1
Project("{FAE04EC0-301F-11D3-BF4B-00C04F79EFBC}") = "ProjetoFinal", "ProjetoFinal\ProjetoFinal.csproj", "{31DECF94-3293-4D6C-B9F9-1F40BEBA75F0}"
EndProject
Global
	GlobalSection(SolutionConfigurationPlatforms) = preSolution
		Debug|Any CPU = Debug|Any CPU
		Release|Any CPU = Release|Any CPU
	EndGlobalSection
	GlobalSection(ProjectConfigurationPlatforms) = postSolution
		{31DECF94-3293-4D6C-B9F9-1F40BEBA75F0}.Debug|Any CPU.ActiveCfg = Debug|Any CPU
		{31DECF94-3293-4D6C-B9F9-1F40BEBA75F0}.Debug|Any CPU.Build.0 = Debug|Any CPU
		{31DECF94-3293-4D6C-B9F9-1F40BEBA75F0}.Release|Any CPU.ActiveCfg = Release|Any CPU
		{31DECF94-3293-4D6C-B9F9-1F40BEBA75F0}.Release|Any CPU.Build.0 = Release|Any CPU
	EndGlobalSection
	GlobalSection(SolutionProperties) = preSolution
		HideSolutionNode = FALSE
	EndGlobalSection
	GlobalSection(ExtensibilityGlobals) = postSolution
		SolutionGuid = {518BFB5F-8E10-4D98-A76D-8BA4AC406FA6}
	EndGlobalSection
EndGlobal
